<?xml version="1.0" encoding="utf-8"?>
<Project ToolsVersion="4.0" xmlns="http://schemas.microsoft.com/developer/msbuild/2003">
  <ItemGroup>
    <Filter Include="docs">
      <UniqueIdentifier>{c205732a-1586-401f-b5e8-05875e7c2ee8}</UniqueIdentifier>
    </Filter>
    <Filter Include="src">
      <UniqueIdentifier>{4FC737F1-C7A5-4376-A066-2A32D752A2FF}</UniqueIdentifier>
      <Extensions>cpp;c;cc;cxx;def;odl;idl;hpj;bat;asm;asmx</Extensions>
    </Filter>
    <Filter Include="resources">
      <UniqueIdentifier>{67DA6AB6-F800-4c08-8B7A-83BB121AAD01}</UniqueIdentifier>
      <Extensions>rc;ico;cur;bmp;dlg;rc2;rct;bin;rgs;gif;jpg;jpeg;jpe;resx;tiff;tif;png;wav;mfcribbon-ms</Extensions>
    </Filter>
    <Filter Include="inc">
      <UniqueIdentifier>{5c9d5ed4-8103-4ad9-ab6b-d8fe0a4571dc}</UniqueIdentifier>
    </Filter>
    <Filter Include="src\INIReader">
      <UniqueIdentifier>{c486b23a-a6c7-4715-92b7-d89ab53fe409}</UniqueIdentifier>
    </Filter>
    <Filter Include="src\TinyXML">
      <UniqueIdentifier>{5e267557-4419-45a3-82b3-3f6fd9d92e3e}</UniqueIdentifier>
    </Filter>
  </ItemGroup>
  <ItemGroup>
    <ClCompile Include="INIReader\INIReader.cpp">
      <Filter>src\INIReader</Filter>
    </ClCompile>
    <ClCompile Include="LightSource.cpp">
      <Filter>src</Filter>
    </ClCompile>
    <ClCompile Include="OBJ_Loader.cpp">
      <Filter>src</Filter>
    </ClCompile>
    <ClCompile Include="GameplayManager.cpp">
      <Filter>src</Filter>
    </ClCompile>
    <ClCompile Include="ConfigManager.cpp">
      <Filter>src</Filter>
    </ClCompile>
    <ClCompile Include="CrashManager.cpp">
      <Filter>src</Filter>
    </ClCompile>
    <ClCompile Include="GameManager.cpp">
      <Filter>src</Filter>
    </ClCompile>
    <ClCompile Include="WindowsManager.cpp">
      <Filter>src</Filter>
    </ClCompile>
    <ClCompile Include="main.cpp">
      <Filter>src</Filter>
    </ClCompile>
    <ClCompile Include="Actor.cpp">
      <Filter>src</Filter>
    </ClCompile>
    <ClCompile Include="ActorFreeCam.cpp">
      <Filter>src</Filter>
    </ClCompile>
    <ClCompile Include="DirectXManager.cpp">
      <Filter>src</Filter>
    </ClCompile>
    <ClCompile Include="GraphicsManager.cpp">
      <Filter>src</Filter>
    </ClCompile>
    <ClCompile Include="FpsCounter.cpp">
      <Filter>src</Filter>
    </ClCompile>
    <ClCompile Include="Timer.cpp">
      <Filter>src</Filter>
    </ClCompile>
    <ClCompile Include="InputHandler.cpp">
      <Filter>src</Filter>
    </ClCompile>
    <ClCompile Include="InputHandlerActorFreeCamState.cpp">
      <Filter>src</Filter>
    </ClCompile>
    <ClCompile Include="InputHandlerBaseState.cpp">
      <Filter>src</Filter>
    </ClCompile>
    <ClCompile Include="InputHandlerIgnoreState.cpp">
      <Filter>src</Filter>
    </ClCompile>
    <ClCompile Include="InputManager.cpp">
      <Filter>src</Filter>
    </ClCompile>
    <ClCompile Include="Camera.cpp">
      <Filter>src</Filter>
    </ClCompile>
    <ClCompile Include="Material.cpp">
      <Filter>src</Filter>
    </ClCompile>
    <ClCompile Include="Mesh.cpp">
      <Filter>src</Filter>
    </ClCompile>
    <ClCompile Include="Object3D.cpp">
      <Filter>src</Filter>
    </ClCompile>
    <ClCompile Include="StaticMesh.cpp">
      <Filter>src</Filter>
    </ClCompile>
    <ClCompile Include="Texture.cpp">
      <Filter>src</Filter>
    </ClCompile>
    <ClCompile Include="TinyXML\tinyxml2.cpp">
      <Filter>src\TinyXML</Filter>
    </ClCompile>
    <ClCompile Include="LocationManager.cpp">
      <Filter>src</Filter>
    </ClCompile>
    <ClCompile Include="LibraryPCH.cpp">
      <Filter>src</Filter>
    </ClCompile>
    <ClCompile Include="INIReader\ini.c">
      <Filter>src\INIReader</Filter>
    </ClCompile>
  </ItemGroup>
  <ItemGroup>
    <ResourceCompile Include="Jet Land.rc">
      <Filter>resources</Filter>
    </ResourceCompile>
  </ItemGroup>
  <ItemGroup>
    <ClInclude Include="resource.h">
      <Filter>resources</Filter>
    </ClInclude>
    <ClInclude Include="INIReader\INIReader.h">
      <Filter>src\INIReader</Filter>
    </ClInclude>
    <ClInclude Include="INIReader\ini.h">
      <Filter>src\INIReader</Filter>
    </ClInclude>
    <ClInclude Include="VertexMode.h">
      <Filter>src</Filter>
    </ClInclude>
    <ClInclude Include="OBJ_Loader.h">
      <Filter>src</Filter>
    </ClInclude>
    <ClInclude Include="LightSource.h">
      <Filter>src</Filter>
    </ClInclude>
    <ClInclude Include="IncluderDX.h">
      <Filter>src</Filter>
    </ClInclude>
    <ClInclude Include="IncluderSTD.h">
      <Filter>src</Filter>
    </ClInclude>
    <ClInclude Include="IncluderW.h">
      <Filter>src</Filter>
    </ClInclude>
    <ClInclude Include="VertexModeSelector.h">
      <Filter>src</Filter>
    </ClInclude>
    <ClInclude Include="GameplayManager.h">
      <Filter>src</Filter>
    </ClInclude>
    <ClInclude Include="ConfigManager.h">
      <Filter>src</Filter>
    </ClInclude>
    <ClInclude Include="Configuration.h">
      <Filter>src</Filter>
    </ClInclude>
    <ClInclude Include="CrashManager.h">
      <Filter>src</Filter>
    </ClInclude>
    <ClInclude Include="GameManager.h">
      <Filter>src</Filter>
    </ClInclude>
    <ClInclude Include="WindowsManager.h">
      <Filter>src</Filter>
    </ClInclude>
    <ClInclude Include="Actor.h">
      <Filter>src</Filter>
    </ClInclude>
    <ClInclude Include="ActorFreeCam.h">
      <Filter>src</Filter>
    </ClInclude>
    <ClInclude Include="DirectXManager.h">
      <Filter>src</Filter>
    </ClInclude>
    <ClInclude Include="GraphicsManager.h">
      <Filter>src</Filter>
    </ClInclude>
    <ClInclude Include="FpsCounter.h">
      <Filter>src</Filter>
    </ClInclude>
    <ClInclude Include="Timer.h">
      <Filter>src</Filter>
    </ClInclude>
    <ClInclude Include="InputHandler.h">
      <Filter>src</Filter>
    </ClInclude>
    <ClInclude Include="InputHandlerActorFreeCamState.h">
      <Filter>src</Filter>
    </ClInclude>
    <ClInclude Include="InputHandlerBaseState.h">
      <Filter>src</Filter>
    </ClInclude>
    <ClInclude Include="InputHandlerIgnoreState.h">
      <Filter>src</Filter>
    </ClInclude>
    <ClInclude Include="InputManager.h">
      <Filter>src</Filter>
    </ClInclude>
    <ClInclude Include="Camera.h">
      <Filter>src</Filter>
    </ClInclude>
    <ClInclude Include="Material.h">
      <Filter>src</Filter>
    </ClInclude>
    <ClInclude Include="Mesh.h">
      <Filter>src</Filter>
    </ClInclude>
    <ClInclude Include="Object3D.h">
      <Filter>src</Filter>
    </ClInclude>
    <ClInclude Include="StaticMesh.h">
      <Filter>src</Filter>
    </ClInclude>
    <ClInclude Include="Pool.h">
      <Filter>src</Filter>
    </ClInclude>
    <ClInclude Include="PoolObject.h">
      <Filter>src</Filter>
    </ClInclude>
    <ClInclude Include="Texture.h">
      <Filter>src</Filter>
    </ClInclude>
    <ClInclude Include="TinyXML\tinyxml2.h">
      <Filter>src\TinyXML</Filter>
    </ClInclude>
    <ClInclude Include="LibraryPCH.h">
      <Filter>src</Filter>
    </ClInclude>
    <ClInclude Include="LocationManager.h">
      <Filter>src</Filter>
    </ClInclude>
    <ClInclude Include="Globals.h">
      <Filter>src</Filter>
    </ClInclude>
  </ItemGroup>
  <ItemGroup>
    <None Include="packages.config">
      <Filter>resources</Filter>
    </None>
    <None Include="ClassDiagram.cd">
      <Filter>docs</Filter>
    </None>
    <None Include="Pool.cpp">
      <Filter>src</Filter>
    </None>
  </ItemGroup>
  <ItemGroup>
    <FxCompile Include="color_shader_p.hlsl">
      <Filter>src</Filter>
    </FxCompile>
    <FxCompile Include="color_shader_v.hlsl">
      <Filter>src</Filter>
    </FxCompile>
  </ItemGroup>
</Project>